
Microsoft Visual Studio Solution File, Format Version 12.00
# Visual Studio Version 17
VisualStudioVersion = 17.10.34928.147
MinimumVisualStudioVersion = 10.0.40219.1
Project("{FAE04EC0-301F-11D3-BF4B-00C04F79EFBC}") = "CryptoExchangeRateProvider", "CryptoExchangeRateProvider\CryptoExchangeRateProvider.csproj", "{922F2583-B910-4E90-8C4E-4044323A1BEA}"
EndProject
Global
	GlobalSection(SolutionConfigurationPlatforms) = preSolution
		Debug|Any CPU = Debug|Any CPU
		Release|Any CPU = Release|Any CPU
	EndGlobalSection
	GlobalSection(ProjectConfigurationPlatforms) = postSolution
		{922F2583-B910-4E90-8C4E-4044323A1BEA}.Debug|Any CPU.ActiveCfg = Debug|Any CPU
		{922F2583-B910-4E90-8C4E-4044323A1BEA}.Debug|Any CPU.Build.0 = Debug|Any CPU
		{922F2583-B910-4E90-8C4E-4044323A1BEA}.Release|Any CPU.ActiveCfg = Release|Any CPU
		{922F2583-B910-4E90-8C4E-4044323A1BEA}.Release|Any CPU.Build.0 = Release|Any CPU
	EndGlobalSection
	GlobalSection(SolutionProperties) = preSolution
		HideSolutionNode = FALSE
	EndGlobalSection
	GlobalSection(ExtensibilityGlobals) = postSolution
		SolutionGuid = {3D262CAD-222F-42A9-8712-717D7BA3198E}
	EndGlobalSection
EndGlobal
